
Microsoft Visual Studio Solution File, Format Version 12.00
# Visual Studio Version 17
VisualStudioVersion = 17.5.002.0
MinimumVisualStudioVersion = 10.0.40219.1
Project("{9A19103F-16F7-4668-BE54-9A1E7A4F7556}") = "consoleApplication", "consoleApplication.csproj", "{A39DF081-51DA-45BE-9AC3-D675DE36DAE8}"
EndProject
Global
	GlobalSection(SolutionConfigurationPlatforms) = preSolution
		Debug|Any CPU = Debug|Any CPU
		Release|Any CPU = Release|Any CPU
	EndGlobalSection
	GlobalSection(ProjectConfigurationPlatforms) = postSolution
		{A39DF081-51DA-45BE-9AC3-D675DE36DAE8}.Debug|Any CPU.ActiveCfg = Debug|Any CPU
		{A39DF081-51DA-45BE-9AC3-D675DE36DAE8}.Debug|Any CPU.Build.0 = Debug|Any CPU
		{A39DF081-51DA-45BE-9AC3-D675DE36DAE8}.Release|Any CPU.ActiveCfg = Release|Any CPU
		{A39DF081-51DA-45BE-9AC3-D675DE36DAE8}.Release|Any CPU.Build.0 = Release|Any CPU
	EndGlobalSection
	GlobalSection(SolutionProperties) = preSolution
		HideSolutionNode = FALSE
	EndGlobalSection
	GlobalSection(ExtensibilityGlobals) = postSolution
		SolutionGuid = {F9B1B111-D56A-4BE3-A8BC-0BFC2D469505}
	EndGlobalSection
EndGlobal
